<?xml version="1.0" encoding="utf-8"?>
<Project ToolsVersion="4.0" xmlns="http://schemas.microsoft.com/developer/msbuild/2003">
  <ItemGroup>
    <ClCompile Include="Entity.cpp" />
    <ClCompile Include="MyGame.cpp" />
    <ClCompile Include="Player.cpp" />
    <ClCompile Include="stdafx.cpp" />
    <ClCompile Include="Physics\HitProxy.cpp">
      <Filter>Physics</Filter>
    </ClCompile>
    <ClCompile Include="Stage.cpp" />
    <ClCompile Include="Character.cpp" />
    <ClCompile Include="GUI\MainUI.cpp">
      <Filter>GUI</Filter>
    </ClCompile>
    <ClCompile Include="GUI\HpBar.cpp">
      <Filter>GUI</Filter>
    </ClCompile>
    <ClCompile Include="PostEffects.cpp" />
    <ClCompile Include="MaterialShadersImplement.cpp" />
    <ClCompile Include="Entities\EffectObject.cpp">
      <Filter>Entities</Filter>
    </ClCompile>
    <ClCompile Include="Physics\HitProxyData.cpp">
      <Filter>Physics</Filter>
    </ClCompile>
    <ClCompile Include="Effects\ParticleSubEmitter.cpp">
      <Filter>Effects</Filter>
    </ClCompile>
    <ClCompile Include="Effects\ParticleWebEmitter.cpp">
      <Filter>Effects</Filter>
    </ClCompile>
    <ClCompile Include="Effects\CrackMeshGenerator.cpp">
      <Filter>Effects</Filter>
    </ClCompile>
    <ClCompile Include="World.cpp" />
    <ClCompile Include="Entities\Barrage.cpp">
      <Filter>Entities</Filter>
    </ClCompile>
    <ClCompile Include="Effects\DynamicTextures.cpp">
      <Filter>Effects</Filter>
    </ClCompile>
    <ClCompile Include="Entities\StartPoint.cpp">
      <Filter>Entities</Filter>
    </ClCompile>
    <ClCompile Include="Entities\GlitchEffect.cpp">
      <Filter>Entities</Filter>
    </ClCompile>
    <ClCompile Include="Entities\AIObject.cpp">
      <Filter>Entities</Filter>
    </ClCompile>
    <ClCompile Include="Effects\ParticleTimeoutEmitter.cpp">
      <Filter>Effects</Filter>
    </ClCompile>
    <ClCompile Include="MyLevel.cpp" />
    <ClCompile Include="GUI\StageDirector.cpp">
      <Filter>GUI</Filter>
    </ClCompile>
    <ClCompile Include="GUI\UIUtils.cpp">
      <Filter>GUI</Filter>
    </ClCompile>
    <ClCompile Include="GameUtil.cpp" />
    <ClCompile Include="GlobalCfg.cpp" />
    <ClCompile Include="Bullet.cpp" />
    <ClCompile Include="Enemy.cpp" />
    <ClCompile Include="PlayerWeapon.cpp" />
    <ClCompile Include="Block.cpp" />
    <ClCompile Include="Weapons.cpp" />
    <ClCompile Include="Entities\Enemies.cpp">
      <Filter>Entities</Filter>
    </ClCompile>
    <ClCompile Include="Effects\ParticleArrayEmitter.cpp">
      <Filter>Effects</Filter>
    </ClCompile>
    <ClCompile Include="CharacterMove.cpp" />
    <ClCompile Include="LevelGenerate.cpp" />
    <ClCompile Include="Entities\Neutral.cpp">
      <Filter>Entities</Filter>
    </ClCompile>
    <ClCompile Include="GUI\ChunkUI.cpp">
      <Filter>GUI</Filter>
    </ClCompile>
    <ClCompile Include="Entities\EnemyCharacters.cpp">
      <Filter>Entities</Filter>
    </ClCompile>
    <ClCompile Include="BlockItem.cpp" />
    <ClCompile Include="Lightning.cpp" />
    <ClCompile Include="Entities\Door.cpp">
      <Filter>Entities</Filter>
    </ClCompile>
    <ClCompile Include="Entities\FallingObj.cpp">
      <Filter>Entities</Filter>
    </ClCompile>
    <ClCompile Include="Pickup.cpp" />
    <ClCompile Include="Entities\Blocks\RandomBlocks.cpp">
      <Filter>Entities\Blocks</Filter>
    </ClCompile>
    <ClCompile Include="Entities\Blocks\SpecialBlocks.cpp">
      <Filter>Entities\Blocks</Filter>
    </ClCompile>
    <ClCompile Include="Explosion.cpp" />
    <ClCompile Include="Entities\Blocks\Lv1\SpecialLv1.cpp">
      <Filter>Entities\Blocks\Lv1</Filter>
    </ClCompile>
    <ClCompile Include="BlockBuff.cpp" />
    <ClCompile Include="Entities\BlockBuffs.cpp">
      <Filter>Entities</Filter>
    </ClCompile>
    <ClCompile Include="Entities\Bullets.cpp">
      <Filter>Entities</Filter>
    </ClCompile>
    <ClCompile Include="LevelGenerating\LvGenCommon.cpp">
      <Filter>LevelGenerating</Filter>
    </ClCompile>
    <ClCompile Include="LevelGenerating\LvBarrierGen.cpp">
      <Filter>LevelGenerating</Filter>
    </ClCompile>
    <ClCompile Include="Entities\Blocks\LvBarriers.cpp">
      <Filter>Entities\Blocks</Filter>
    </ClCompile>
    <ClCompile Include="Entities\BlockItems\CommonBlockItems.cpp">
      <Filter>Entities\BlockItems</Filter>
    </ClCompile>
    <ClCompile Include="Entities\Enemies\Lv1Enemies.cpp">
      <Filter>Entities\Enemies</Filter>
    </ClCompile>
    <ClCompile Include="LevelDesign.cpp" />
    <ClCompile Include="GameState.cpp" />
    <ClCompile Include="Entities\Decorator.cpp">
      <Filter>Entities</Filter>
    </ClCompile>
    <ClCompile Include="LevelScrollObj.cpp">
      <Filter>Entities</Filter>
    </ClCompile>
    <ClCompile Include="LevelGenerating\LvGen1_2.cpp">
      <Filter>LevelGenerating</Filter>
    </ClCompile>
    <ClCompile Include="LevelGenerating\LvGen1_1.cpp">
      <Filter>LevelGenerating</Filter>
    </ClCompile>
    <ClCompile Include="LevelGenerating\LvGenLib.cpp">
      <Filter>LevelGenerating</Filter>
    </ClCompile>
    <ClCompile Include="Item.cpp" />
    <ClCompile Include="Entities\Tutorial.cpp">
      <Filter>Entities</Filter>
    </ClCompile>
    <ClCompile Include="GUI\Splash.cpp">
      <Filter>GUI</Filter>
    </ClCompile>
    <ClCompile Include="LevelGenerating\LvGen1_3.cpp">
      <Filter>LevelGenerating</Filter>
    </ClCompile>
    <ClCompile Include="Entities\Enemies\Lv1Boss.cpp">
      <Filter>Entities\Enemies</Filter>
    </ClCompile>
    <ClCompile Include="PlayerData.cpp" />
    <ClCompile Include="MainMenu.cpp" />
    <ClCompile Include="Entities\UtilEntities.cpp">
      <Filter>Entities</Filter>
    </ClCompile>
    <ClCompile Include="Entities\Blocks\Lv2\SpecialLv2.cpp">
      <Filter>Entities\Blocks\lv2</Filter>
    </ClCompile>
    <ClCompile Include="Entities\Enemies\Lv2Enemies.cpp">
      <Filter>Entities\Enemies</Filter>
    </ClCompile>
    <ClCompile Include="Entities\BlockItems\BlockItemsLv1.cpp">
      <Filter>Entities\BlockItems</Filter>
    </ClCompile>
    <ClCompile Include="Entities\BlockItems\BlockItemsLv2.cpp">
      <Filter>Entities\BlockItems</Filter>
    </ClCompile>
    <ClCompile Include="Navigation.cpp" />
    <ClCompile Include="ItemDrop.cpp" />
    <ClCompile Include="Entities\Consumables.cpp">
      <Filter>Entities</Filter>
    </ClCompile>
    <ClCompile Include="Entities\Items\SpecialWeapons0.cpp">
      <Filter>Entities\Items</Filter>
    </ClCompile>
    <ClCompile Include="LevelGenerating\LvGen2_1.cpp">
      <Filter>LevelGenerating</Filter>
    </ClCompile>
    <ClCompile Include="LevelGenerating\LvGen2_2.cpp">
      <Filter>LevelGenerating</Filter>
    </ClCompile>
    <ClCompile Include="Entities\SpecialEft.cpp">
      <Filter>Entities</Filter>
    </ClCompile>
    <ClCompile Include="LevelGenerating\LvBonusGen1.cpp">
      <Filter>LevelGenerating</Filter>
    </ClCompile>
  </ItemGroup>
  <ItemGroup>
    <ClInclude Include="Entity.h" />
    <ClInclude Include="MyGame.h" />
    <ClInclude Include="Player.h" />
    <ClInclude Include="Stage.h" />
    <ClInclude Include="stdafx.h" />
    <ClInclude Include="Physics\HitProxy.h">
      <Filter>Physics</Filter>
    </ClInclude>
    <ClInclude Include="Attribute.h" />
    <ClInclude Include="Character.h" />
    <ClInclude Include="GUI\MainUI.h">
      <Filter>GUI</Filter>
    </ClInclude>
    <ClInclude Include="GUI\HpBar.h">
      <Filter>GUI</Filter>
    </ClInclude>
    <ClInclude Include="PostEffects.h" />
    <ClInclude Include="Entities\EffectObject.h">
      <Filter>Entities</Filter>
    </ClInclude>
    <ClInclude Include="Physics\HitProxyData.h">
      <Filter>Physics</Filter>
    </ClInclude>
    <ClInclude Include="Effects\ParticleSubEmitter.h">
      <Filter>Effects</Filter>
    </ClInclude>
    <ClInclude Include="Effects\ParticleWebEmitter.h">
      <Filter>Effects</Filter>
    </ClInclude>
    <ClInclude Include="Effects\CrackMeshGenerator.h">
      <Filter>Effects</Filter>
    </ClInclude>
    <ClInclude Include="World.h" />
    <ClInclude Include="Entities\Barrage.h">
      <Filter>Entities</Filter>
    </ClInclude>
    <ClInclude Include="Effects\DynamicTextures.h">
      <Filter>Effects</Filter>
    </ClInclude>
    <ClInclude Include="Entities\StartPoint.h">
      <Filter>Entities</Filter>
    </ClInclude>
    <ClInclude Include="Entities\GlitchEffect.h">
      <Filter>Entities</Filter>
    </ClInclude>
    <ClInclude Include="Entities\AIObject.h">
      <Filter>Entities</Filter>
    </ClInclude>
    <ClInclude Include="Effects\ParticleTimeoutEmitter.h">
      <Filter>Effects</Filter>
    </ClInclude>
    <ClInclude Include="MyLevel.h" />
    <ClInclude Include="GUI\StageDirector.h">
      <Filter>GUI</Filter>
    </ClInclude>
    <ClInclude Include="GUI\UIUtils.h">
      <Filter>GUI</Filter>
    </ClInclude>
    <ClInclude Include="GameUtil.h" />
    <ClInclude Include="GlobalCfg.h" />
    <ClInclude Include="Bullet.h" />
    <ClInclude Include="Enemy.h" />
    <ClInclude Include="PlayerWeapon.h" />
    <ClInclude Include="Block.h" />
    <ClInclude Include="Weapons.h" />
    <ClInclude Include="Entities\Enemies.h">
      <Filter>Entities</Filter>
    </ClInclude>
    <ClInclude Include="Effects\ParticleArrayEmitter.h">
      <Filter>Effects</Filter>
    </ClInclude>
    <ClInclude Include="CharacterMove.h" />
    <ClInclude Include="LevelGenerate.h" />
    <ClInclude Include="Entities\Neutral.h">
      <Filter>Entities</Filter>
    </ClInclude>
    <ClInclude Include="GUI\ChunkUI.h">
      <Filter>GUI</Filter>
    </ClInclude>
    <ClInclude Include="Entities\EnemyCharacters.h">
      <Filter>Entities</Filter>
    </ClInclude>
    <ClInclude Include="BlockItem.h" />
    <ClInclude Include="Lightning.h" />
    <ClInclude Include="Entities\Door.h">
      <Filter>Entities</Filter>
    </ClInclude>
    <ClInclude Include="Entities\FallingObj.h">
      <Filter>Entities</Filter>
    </ClInclude>
    <ClInclude Include="Pickup.h" />
    <ClInclude Include="Entities\Blocks\RandomBlocks.h">
      <Filter>Entities\Blocks</Filter>
    </ClInclude>
    <ClInclude Include="Entities\Blocks\SpecialBlocks.h">
      <Filter>Entities\Blocks</Filter>
    </ClInclude>
    <ClInclude Include="Explosion.h" />
    <ClInclude Include="Entities\Blocks\Lv1\SpecialLv1.h">
      <Filter>Entities\Blocks\Lv1</Filter>
    </ClInclude>
    <ClInclude Include="BlockBuff.h" />
    <ClInclude Include="Entities\BlockBuffs.h">
      <Filter>Entities</Filter>
    </ClInclude>
    <ClInclude Include="Entities\Bullets.h">
      <Filter>Entities</Filter>
    </ClInclude>
    <ClInclude Include="LevelGenerating\LvGen1.h">
      <Filter>LevelGenerating</Filter>
    </ClInclude>
    <ClInclude Include="LevelGenerating\LvGenCommon.h">
      <Filter>LevelGenerating</Filter>
    </ClInclude>
    <ClInclude Include="Entities\Blocks\LvBarriers.h">
      <Filter>Entities\Blocks</Filter>
    </ClInclude>
    <ClInclude Include="Entities\BlockItems\CommonBlockItems.h">
      <Filter>Entities\BlockItems</Filter>
    </ClInclude>
    <ClInclude Include="Entities\Enemies\Lv1Enemies.h">
      <Filter>Entities\Enemies</Filter>
    </ClInclude>
    <ClInclude Include="LevelDesign.h" />
    <ClInclude Include="GameState.h" />
    <ClInclude Include="Entities\Decorator.h">
      <Filter>Entities</Filter>
    </ClInclude>
    <ClInclude Include="LevelScrollObj.h">
      <Filter>Entities</Filter>
    </ClInclude>
    <ClInclude Include="LevelGenerating\LvGenLib.h">
      <Filter>LevelGenerating</Filter>
    </ClInclude>
    <ClInclude Include="Item.h" />
    <ClInclude Include="Entities\Tutorial.h">
      <Filter>Entities</Filter>
    </ClInclude>
    <ClInclude Include="GUI\Splash.h">
      <Filter>GUI</Filter>
    </ClInclude>
    <ClInclude Include="Entities\Enemies\Lv1Boss.h">
      <Filter>Entities\Enemies</Filter>
    </ClInclude>
    <ClInclude Include="PlayerData.h" />
    <ClInclude Include="MainMenu.h" />
    <ClInclude Include="Entities\UtilEntities.h">
      <Filter>Entities</Filter>
    </ClInclude>
    <ClInclude Include="Entities\Blocks\Lv2\SpecialLv2.h">
      <Filter>Entities\Blocks\lv2</Filter>
    </ClInclude>
    <ClInclude Include="Entities\Enemies\Lv2Enemies.h">
      <Filter>Entities\Enemies</Filter>
    </ClInclude>
    <ClInclude Include="Entities\BlockItems\BlockItemsLv1.h">
      <Filter>Entities\BlockItems</Filter>
    </ClInclude>
    <ClInclude Include="Entities\BlockItems\BlockItemsLv2.h">
      <Filter>Entities\BlockItems</Filter>
    </ClInclude>
    <ClInclude Include="Navigation.h" />
    <ClInclude Include="ItemDrop.h" />
    <ClInclude Include="Entities\Consumables.h">
      <Filter>Entities</Filter>
    </ClInclude>
    <ClInclude Include="Entities\Items\SpecialWeapons0.h">
      <Filter>Entities\Items</Filter>
    </ClInclude>
    <ClInclude Include="LevelGenerating\LvGen2.h">
      <Filter>LevelGenerating</Filter>
    </ClInclude>
    <ClInclude Include="Interfaces.h" />
    <ClInclude Include="Entities\SpecialEft.h">
      <Filter>Entities</Filter>
    </ClInclude>
    <ClInclude Include="LevelGenerating\LvBonusGen1.h">
      <Filter>LevelGenerating</Filter>
    </ClInclude>
  </ItemGroup>
  <ItemGroup>
    <None Include="..\Shader\Blood.shader">
      <Filter>Shader</Filter>
    </None>
    <None Include="..\Shader\HpBar.shader">
      <Filter>Shader</Filter>
    </None>
    <None Include="..\Shader\PostProcessInvertColor.shader">
      <Filter>Shader</Filter>
    </None>
    <None Include="..\Shader\MainUI.shader">
      <Filter>Shader</Filter>
    </None>
    <None Include="..\Shader\PostProcessDizzyEffect.shader">
      <Filter>Shader</Filter>
    </None>
    <None Include="..\Shader\Particle.shader">
      <Filter>Shader</Filter>
    </None>
    <None Include="..\Shader\Footprint.shader">
      <Filter>Shader</Filter>
    </None>
    <None Include="..\Shader\FootprintLiquid.shader">
      <Filter>Shader</Filter>
    </None>
    <None Include="..\Shader\Laser.shader">
      <Filter>Shader</Filter>
    </None>
    <None Include="..\Shader\GSWrapTex.shader">
      <Filter>Shader</Filter>
    </None>
    <None Include="..\Shader\HUDCircle.shader">
      <Filter>Shader</Filter>
    </None>
    <None Include="..\Shader\CrackEffect.shader">
      <Filter>Shader</Filter>
    </None>
    <None Include="..\Shader\Particle1.shader">
      <Filter>Shader</Filter>
    </None>
    <None Include="..\Shader\TutorialGame.shader">
      <Filter>Shader</Filter>
    </None>
    <None Include="..\Shader\ParticleCommon.shader">
      <Filter>Shader</Filter>
    </None>
    <None Include="..\Shader\TutorialGame_Particle.shader">
      <Filter>Shader</Filter>
    </None>
    <None Include="..\Shader\Water.shader">
      <Filter>Shader</Filter>
    </None>
    <None Include="..\Shader\SelectArea.shader">
      <Filter>Shader</Filter>
    </None>
    <None Include="..\Shader\Effect.shader">
      <Filter>Shader</Filter>
    </None>
    <None Include="..\Shader\ParticleFlipbook.shader">
      <Filter>Shader</Filter>
    </None>
    <None Include="..\Shader\ParticleFlipbook1.shader">
      <Filter>Shader</Filter>
    </None>
    <None Include="..\Shader\Default2DWithOrigTex.shader">
      <Filter>Shader</Filter>
    </None>
    <None Include="..\Shader\Decorator.shader">
      <Filter>Shader</Filter>
    </None>
    <None Include="..\Shader\Splash.shader">
      <Filter>Shader</Filter>
    </None>
    <None Include="..\Shader\ParticleRandomTex.shader">
      <Filter>Shader</Filter>
    </None>
    <None Include="..\Shader\Blocks.shader">
      <Filter>Shader</Filter>
    </None>
    <None Include="..\Shader\Bullet.shader">
      <Filter>Shader</Filter>
    </None>
    <None Include="..\Shader\Beams.shader">
      <Filter>Shader</Filter>
    </None>
  </ItemGroup>
  <ItemGroup>
    <Filter Include="Physics">
      <UniqueIdentifier>{948dc633-ac2e-4afe-9364-defef03b8aab}</UniqueIdentifier>
    </Filter>
    <Filter Include="Entities">
      <UniqueIdentifier>{0a20b1f4-c145-4f04-b042-df06e5790045}</UniqueIdentifier>
    </Filter>
    <Filter Include="GUI">
      <UniqueIdentifier>{9381e806-c5a7-4fb0-ba65-4d67eb151b83}</UniqueIdentifier>
    </Filter>
    <Filter Include="Shader">
      <UniqueIdentifier>{54c7e55b-91d6-4d04-bbab-0c93ceb2318d}</UniqueIdentifier>
    </Filter>
    <Filter Include="Effects">
      <UniqueIdentifier>{300eabb2-2e65-4356-a8bf-8cafd0220f0d}</UniqueIdentifier>
    </Filter>
    <Filter Include="Utils">
      <UniqueIdentifier>{473e2210-87f4-49ee-b6e3-21bc91dfa7f5}</UniqueIdentifier>
    </Filter>
    <Filter Include="Entities\Blocks">
      <UniqueIdentifier>{838b08c3-ba18-4692-a0c9-9cd4a248de9a}</UniqueIdentifier>
    </Filter>
    <Filter Include="Entities\Blocks\Lv1">
      <UniqueIdentifier>{004627d5-ee6d-475d-9bfa-ae860e3fb14d}</UniqueIdentifier>
    </Filter>
    <Filter Include="LevelGenerating">
      <UniqueIdentifier>{84db6396-9dda-46cb-8615-6c25a5533e61}</UniqueIdentifier>
    </Filter>
    <Filter Include="Entities\BlockItems">
      <UniqueIdentifier>{a3941e78-2856-46ae-888e-26754d4a1fcf}</UniqueIdentifier>
    </Filter>
    <Filter Include="Entities\Enemies">
      <UniqueIdentifier>{80fac333-5553-4881-a29a-1f94eb78819f}</UniqueIdentifier>
    </Filter>
    <Filter Include="Entities\Blocks\lv2">
      <UniqueIdentifier>{9cb41a79-1e7a-4b1f-9751-caab05ec7963}</UniqueIdentifier>
    </Filter>
    <Filter Include="Entities\Items">
      <UniqueIdentifier>{4e7218da-0b11-487c-a34a-338c2b482e92}</UniqueIdentifier>
    </Filter>
  </ItemGroup>
</Project>