Microsoft Visual Studio Solution File, Format Version 12.00
# Visual Studio 2013
VisualStudioVersion = 12.0.21005.1
MinimumVisualStudioVersion = 10.0.40219.1
Project("{8BC9CEB8-8B4A-11D0-8D11-00A0C91BC942}") = "Common", "Common\Common.vcxproj", "{46042C07-7662-4BC3-B922-ADB1EE83A8A7}"
EndProject
Project("{8BC9CEB8-8B4A-11D0-8D11-00A0C91BC942}") = "Render", "Render\Render.vcxproj", "{6CD527EF-A036-428C-9EB3-741C9ACEF674}"
EndProject
Project("{8BC9CEB8-8B4A-11D0-8D11-00A0C91BC942}") = "DevIL", "implib\DevIL\DevIL.vcxproj", "{FED9A291-1DF3-4BC3-867C-86A520DC6241}"
EndProject
Project("{8BC9CEB8-8B4A-11D0-8D11-00A0C91BC942}") = "zlib", "implib\zlib\zlib.vcxproj", "{005D64D7-3243-4832-AD29-DFB7BE8B4189}"
EndProject
Project("{8BC9CEB8-8B4A-11D0-8D11-00A0C91BC942}") = "tinyxml", "implib\tinyxml\tinyxml.vcxproj", "{0F72BC75-80EB-4C76-BD6B-FE1A546EAB5D}"
EndProject
Project("{8BC9CEB8-8B4A-11D0-8D11-00A0C91BC942}") = "Game", "Game\Game.vcxproj", "{D3D11105-96D0-4629-88B8-122C0256058C}"
EndProject
Project("{8BC9CEB8-8B4A-11D0-8D11-00A0C91BC942}") = "Editor", "Editor\Editor.vcxproj", "{4E34E0CD-B6EB-4308-9068-87427B8A7784}"
EndProject
Project("{8BC9CEB8-8B4A-11D0-8D11-00A0C91BC942}") = "freetype", "implib\freetype-2.6.3\builds\windows\vc2010\freetype.vcxproj", "{78B079BD-9FC7-4B9E-B4A6-96DA0F00248B}"
EndProject
Project("{8BC9CEB8-8B4A-11D0-8D11-00A0C91BC942}") = "Test", "Test\Test.vcxproj", "{1DA6A263-26CD-4164-8249-B29DA430B9CF}"
EndProject
Project("{8BC9CEB8-8B4A-11D0-8D11-00A0C91BC942}") = "Run", "Run\Run.vcxproj", "{E188BCC7-58CE-40E9-85D1-60072E93921E}"
EndProject
Project("{8BC9CEB8-8B4A-11D0-8D11-00A0C91BC942}") = "ShaderCompile", "ShaderCompile\ShaderCompile.vcxproj", "{D52C4466-18F9-40D6-B9AF-34984DC429BA}"
EndProject
Project("{8BC9CEB8-8B4A-11D0-8D11-00A0C91BC942}") = "Run_Editor", "Run_Editor\Run_Editor.vcxproj", "{C715F13B-C030-419E-94FB-018B959F1E7B}"
EndProject
Project("{8BC9CEB8-8B4A-11D0-8D11-00A0C91BC942}") = "Boost", "implib\boost\Boost.vcxproj", "{48BA3332-5DE2-40A2-B5A6-CC47D177C9CF}"
EndProject
Global
	GlobalSection(SolutionConfigurationPlatforms) = preSolution
		Debug Multithreaded|Win32 = Debug Multithreaded|Win32
		Debug Multithreaded|x64 = Debug Multithreaded|x64
		Debug Singlethreaded|Win32 = Debug Singlethreaded|Win32
		Debug Singlethreaded|x64 = Debug Singlethreaded|x64
		Debug|Win32 = Debug|Win32
		Debug|x64 = Debug|x64
		Profile|Win32 = Profile|Win32
		Profile|x64 = Profile|x64
		Release Multithreaded|Win32 = Release Multithreaded|Win32
		Release Multithreaded|x64 = Release Multithreaded|x64
		Release Singlethreaded|Win32 = Release Singlethreaded|Win32
		Release Singlethreaded|x64 = Release Singlethreaded|x64
		Release|Win32 = Release|Win32
		Release|x64 = Release|x64
	EndGlobalSection
	GlobalSection(ProjectConfigurationPlatforms) = postSolution
		{46042C07-7662-4BC3-B922-ADB1EE83A8A7}.Debug Multithreaded|Win32.ActiveCfg = Debug|Win32
		{46042C07-7662-4BC3-B922-ADB1EE83A8A7}.Debug Multithreaded|Win32.Build.0 = Debug|Win32
		{46042C07-7662-4BC3-B922-ADB1EE83A8A7}.Debug Multithreaded|x64.ActiveCfg = Debug|Win32
		{46042C07-7662-4BC3-B922-ADB1EE83A8A7}.Debug Singlethreaded|Win32.ActiveCfg = Debug|Win32
		{46042C07-7662-4BC3-B922-ADB1EE83A8A7}.Debug Singlethreaded|Win32.Build.0 = Debug|Win32
		{46042C07-7662-4BC3-B922-ADB1EE83A8A7}.Debug Singlethreaded|x64.ActiveCfg = Debug|Win32
		{46042C07-7662-4BC3-B922-ADB1EE83A8A7}.Debug|Win32.ActiveCfg = Debug|Win32
		{46042C07-7662-4BC3-B922-ADB1EE83A8A7}.Debug|Win32.Build.0 = Debug|Win32
		{46042C07-7662-4BC3-B922-ADB1EE83A8A7}.Debug|x64.ActiveCfg = Debug|Win32
		{46042C07-7662-4BC3-B922-ADB1EE83A8A7}.Profile|Win32.ActiveCfg = Release|Win32
		{46042C07-7662-4BC3-B922-ADB1EE83A8A7}.Profile|Win32.Build.0 = Release|Win32
		{46042C07-7662-4BC3-B922-ADB1EE83A8A7}.Profile|x64.ActiveCfg = Release|Win32
		{46042C07-7662-4BC3-B922-ADB1EE83A8A7}.Release Multithreaded|Win32.ActiveCfg = Release|Win32
		{46042C07-7662-4BC3-B922-ADB1EE83A8A7}.Release Multithreaded|Win32.Build.0 = Release|Win32
		{46042C07-7662-4BC3-B922-ADB1EE83A8A7}.Release Multithreaded|x64.ActiveCfg = Release|Win32
		{46042C07-7662-4BC3-B922-ADB1EE83A8A7}.Release Singlethreaded|Win32.ActiveCfg = Release|Win32
		{46042C07-7662-4BC3-B922-ADB1EE83A8A7}.Release Singlethreaded|Win32.Build.0 = Release|Win32
		{46042C07-7662-4BC3-B922-ADB1EE83A8A7}.Release Singlethreaded|x64.ActiveCfg = Release|Win32
		{46042C07-7662-4BC3-B922-ADB1EE83A8A7}.Release|Win32.ActiveCfg = Release|Win32
		{46042C07-7662-4BC3-B922-ADB1EE83A8A7}.Release|Win32.Build.0 = Release|Win32
		{46042C07-7662-4BC3-B922-ADB1EE83A8A7}.Release|x64.ActiveCfg = Release|Win32
		{6CD527EF-A036-428C-9EB3-741C9ACEF674}.Debug Multithreaded|Win32.ActiveCfg = Debug|Win32
		{6CD527EF-A036-428C-9EB3-741C9ACEF674}.Debug Multithreaded|Win32.Build.0 = Debug|Win32
		{6CD527EF-A036-428C-9EB3-741C9ACEF674}.Debug Multithreaded|x64.ActiveCfg = Debug|Win32
		{6CD527EF-A036-428C-9EB3-741C9ACEF674}.Debug Singlethreaded|Win32.ActiveCfg = Debug|Win32
		{6CD527EF-A036-428C-9EB3-741C9ACEF674}.Debug Singlethreaded|Win32.Build.0 = Debug|Win32
		{6CD527EF-A036-428C-9EB3-741C9ACEF674}.Debug Singlethreaded|x64.ActiveCfg = Debug|Win32
		{6CD527EF-A036-428C-9EB3-741C9ACEF674}.Debug|Win32.ActiveCfg = Debug|Win32
		{6CD527EF-A036-428C-9EB3-741C9ACEF674}.Debug|Win32.Build.0 = Debug|Win32
		{6CD527EF-A036-428C-9EB3-741C9ACEF674}.Debug|x64.ActiveCfg = Debug|Win32
		{6CD527EF-A036-428C-9EB3-741C9ACEF674}.Profile|Win32.ActiveCfg = Release|Win32
		{6CD527EF-A036-428C-9EB3-741C9ACEF674}.Profile|Win32.Build.0 = Release|Win32
		{6CD527EF-A036-428C-9EB3-741C9ACEF674}.Profile|x64.ActiveCfg = Release|Win32
		{6CD527EF-A036-428C-9EB3-741C9ACEF674}.Release Multithreaded|Win32.ActiveCfg = Release|Win32
		{6CD527EF-A036-428C-9EB3-741C9ACEF674}.Release Multithreaded|Win32.Build.0 = Release|Win32
		{6CD527EF-A036-428C-9EB3-741C9ACEF674}.Release Multithreaded|x64.ActiveCfg = Release|Win32
		{6CD527EF-A036-428C-9EB3-741C9ACEF674}.Release Singlethreaded|Win32.ActiveCfg = Release|Win32
		{6CD527EF-A036-428C-9EB3-741C9ACEF674}.Release Singlethreaded|Win32.Build.0 = Release|Win32
		{6CD527EF-A036-428C-9EB3-741C9ACEF674}.Release Singlethreaded|x64.ActiveCfg = Release|Win32
		{6CD527EF-A036-428C-9EB3-741C9ACEF674}.Release|Win32.ActiveCfg = Release|Win32
		{6CD527EF-A036-428C-9EB3-741C9ACEF674}.Release|Win32.Build.0 = Release|Win32
		{6CD527EF-A036-428C-9EB3-741C9ACEF674}.Release|x64.ActiveCfg = Release|Win32
		{FED9A291-1DF3-4BC3-867C-86A520DC6241}.Debug Multithreaded|Win32.ActiveCfg = Debug|Win32
		{FED9A291-1DF3-4BC3-867C-86A520DC6241}.Debug Multithreaded|Win32.Build.0 = Debug|Win32
		{FED9A291-1DF3-4BC3-867C-86A520DC6241}.Debug Multithreaded|x64.ActiveCfg = Debug|Win32
		{FED9A291-1DF3-4BC3-867C-86A520DC6241}.Debug Singlethreaded|Win32.ActiveCfg = Debug|Win32
		{FED9A291-1DF3-4BC3-867C-86A520DC6241}.Debug Singlethreaded|Win32.Build.0 = Debug|Win32
		{FED9A291-1DF3-4BC3-867C-86A520DC6241}.Debug Singlethreaded|x64.ActiveCfg = Debug|Win32
		{FED9A291-1DF3-4BC3-867C-86A520DC6241}.Debug|Win32.ActiveCfg = Debug|Win32
		{FED9A291-1DF3-4BC3-867C-86A520DC6241}.Debug|Win32.Build.0 = Debug|Win32
		{FED9A291-1DF3-4BC3-867C-86A520DC6241}.Debug|x64.ActiveCfg = Debug|Win32
		{FED9A291-1DF3-4BC3-867C-86A520DC6241}.Profile|Win32.ActiveCfg = Release|Win32
		{FED9A291-1DF3-4BC3-867C-86A520DC6241}.Profile|Win32.Build.0 = Release|Win32
		{FED9A291-1DF3-4BC3-867C-86A520DC6241}.Profile|x64.ActiveCfg = Release|Win32
		{FED9A291-1DF3-4BC3-867C-86A520DC6241}.Release Multithreaded|Win32.ActiveCfg = Release|Win32
		{FED9A291-1DF3-4BC3-867C-86A520DC6241}.Release Multithreaded|Win32.Build.0 = Release|Win32
		{FED9A291-1DF3-4BC3-867C-86A520DC6241}.Release Multithreaded|x64.ActiveCfg = Release|Win32
		{FED9A291-1DF3-4BC3-867C-86A520DC6241}.Release Singlethreaded|Win32.ActiveCfg = Release|Win32
		{FED9A291-1DF3-4BC3-867C-86A520DC6241}.Release Singlethreaded|Win32.Build.0 = Release|Win32
		{FED9A291-1DF3-4BC3-867C-86A520DC6241}.Release Singlethreaded|x64.ActiveCfg = Release|Win32
		{FED9A291-1DF3-4BC3-867C-86A520DC6241}.Release|Win32.ActiveCfg = Release|Win32
		{FED9A291-1DF3-4BC3-867C-86A520DC6241}.Release|Win32.Build.0 = Release|Win32
		{FED9A291-1DF3-4BC3-867C-86A520DC6241}.Release|x64.ActiveCfg = Release|Win32
		{005D64D7-3243-4832-AD29-DFB7BE8B4189}.Debug Multithreaded|Win32.ActiveCfg = Debug|Win32
		{005D64D7-3243-4832-AD29-DFB7BE8B4189}.Debug Multithreaded|Win32.Build.0 = Debug|Win32
		{005D64D7-3243-4832-AD29-DFB7BE8B4189}.Debug Multithreaded|x64.ActiveCfg = Debug|Win32
		{005D64D7-3243-4832-AD29-DFB7BE8B4189}.Debug Singlethreaded|Win32.ActiveCfg = Debug|Win32
		{005D64D7-3243-4832-AD29-DFB7BE8B4189}.Debug Singlethreaded|Win32.Build.0 = Debug|Win32
		{005D64D7-3243-4832-AD29-DFB7BE8B4189}.Debug Singlethreaded|x64.ActiveCfg = Debug|Win32
		{005D64D7-3243-4832-AD29-DFB7BE8B4189}.Debug|Win32.ActiveCfg = Debug|Win32
		{005D64D7-3243-4832-AD29-DFB7BE8B4189}.Debug|Win32.Build.0 = Debug|Win32
		{005D64D7-3243-4832-AD29-DFB7BE8B4189}.Debug|x64.ActiveCfg = Debug|Win32
		{005D64D7-3243-4832-AD29-DFB7BE8B4189}.Profile|Win32.ActiveCfg = Release|Win32
		{005D64D7-3243-4832-AD29-DFB7BE8B4189}.Profile|Win32.Build.0 = Release|Win32
		{005D64D7-3243-4832-AD29-DFB7BE8B4189}.Profile|x64.ActiveCfg = Release|Win32
		{005D64D7-3243-4832-AD29-DFB7BE8B4189}.Release Multithreaded|Win32.ActiveCfg = Release|Win32
		{005D64D7-3243-4832-AD29-DFB7BE8B4189}.Release Multithreaded|Win32.Build.0 = Release|Win32
		{005D64D7-3243-4832-AD29-DFB7BE8B4189}.Release Multithreaded|x64.ActiveCfg = Release|Win32
		{005D64D7-3243-4832-AD29-DFB7BE8B4189}.Release Singlethreaded|Win32.ActiveCfg = Release|Win32
		{005D64D7-3243-4832-AD29-DFB7BE8B4189}.Release Singlethreaded|Win32.Build.0 = Release|Win32
		{005D64D7-3243-4832-AD29-DFB7BE8B4189}.Release Singlethreaded|x64.ActiveCfg = Release|Win32
		{005D64D7-3243-4832-AD29-DFB7BE8B4189}.Release|Win32.ActiveCfg = Release|Win32
		{005D64D7-3243-4832-AD29-DFB7BE8B4189}.Release|Win32.Build.0 = Release|Win32
		{005D64D7-3243-4832-AD29-DFB7BE8B4189}.Release|x64.ActiveCfg = Release|Win32
		{0F72BC75-80EB-4C76-BD6B-FE1A546EAB5D}.Debug Multithreaded|Win32.ActiveCfg = Debug|Win32
		{0F72BC75-80EB-4C76-BD6B-FE1A546EAB5D}.Debug Multithreaded|Win32.Build.0 = Debug|Win32
		{0F72BC75-80EB-4C76-BD6B-FE1A546EAB5D}.Debug Multithreaded|x64.ActiveCfg = Debug|Win32
		{0F72BC75-80EB-4C76-BD6B-FE1A546EAB5D}.Debug Singlethreaded|Win32.ActiveCfg = Debug|Win32
		{0F72BC75-80EB-4C76-BD6B-FE1A546EAB5D}.Debug Singlethreaded|Win32.Build.0 = Debug|Win32
		{0F72BC75-80EB-4C76-BD6B-FE1A546EAB5D}.Debug Singlethreaded|x64.ActiveCfg = Debug|Win32
		{0F72BC75-80EB-4C76-BD6B-FE1A546EAB5D}.Debug|Win32.ActiveCfg = Debug|Win32
		{0F72BC75-80EB-4C76-BD6B-FE1A546EAB5D}.Debug|Win32.Build.0 = Debug|Win32
		{0F72BC75-80EB-4C76-BD6B-FE1A546EAB5D}.Debug|x64.ActiveCfg = Debug|Win32
		{0F72BC75-80EB-4C76-BD6B-FE1A546EAB5D}.Profile|Win32.ActiveCfg = Release|Win32
		{0F72BC75-80EB-4C76-BD6B-FE1A546EAB5D}.Profile|Win32.Build.0 = Release|Win32
		{0F72BC75-80EB-4C76-BD6B-FE1A546EAB5D}.Profile|x64.ActiveCfg = Release|Win32
		{0F72BC75-80EB-4C76-BD6B-FE1A546EAB5D}.Release Multithreaded|Win32.ActiveCfg = Release|Win32
		{0F72BC75-80EB-4C76-BD6B-FE1A546EAB5D}.Release Multithreaded|Win32.Build.0 = Release|Win32
		{0F72BC75-80EB-4C76-BD6B-FE1A546EAB5D}.Release Multithreaded|x64.ActiveCfg = Release|Win32
		{0F72BC75-80EB-4C76-BD6B-FE1A546EAB5D}.Release Singlethreaded|Win32.ActiveCfg = Release|Win32
		{0F72BC75-80EB-4C76-BD6B-FE1A546EAB5D}.Release Singlethreaded|Win32.Build.0 = Release|Win32
		{0F72BC75-80EB-4C76-BD6B-FE1A546EAB5D}.Release Singlethreaded|x64.ActiveCfg = Release|Win32
		{0F72BC75-80EB-4C76-BD6B-FE1A546EAB5D}.Release|Win32.ActiveCfg = Release|Win32
		{0F72BC75-80EB-4C76-BD6B-FE1A546EAB5D}.Release|Win32.Build.0 = Release|Win32
		{0F72BC75-80EB-4C76-BD6B-FE1A546EAB5D}.Release|x64.ActiveCfg = Release|Win32
		{D3D11105-96D0-4629-88B8-122C0256058C}.Debug Multithreaded|Win32.ActiveCfg = Debug|Win32
		{D3D11105-96D0-4629-88B8-122C0256058C}.Debug Multithreaded|Win32.Build.0 = Debug|Win32
		{D3D11105-96D0-4629-88B8-122C0256058C}.Debug Multithreaded|x64.ActiveCfg = Debug|x64
		{D3D11105-96D0-4629-88B8-122C0256058C}.Debug Multithreaded|x64.Build.0 = Debug|x64
		{D3D11105-96D0-4629-88B8-122C0256058C}.Debug Singlethreaded|Win32.ActiveCfg = Debug|Win32
		{D3D11105-96D0-4629-88B8-122C0256058C}.Debug Singlethreaded|Win32.Build.0 = Debug|Win32
		{D3D11105-96D0-4629-88B8-122C0256058C}.Debug Singlethreaded|x64.ActiveCfg = Debug|x64
		{D3D11105-96D0-4629-88B8-122C0256058C}.Debug Singlethreaded|x64.Build.0 = Debug|x64
		{D3D11105-96D0-4629-88B8-122C0256058C}.Debug|Win32.ActiveCfg = Debug|Win32
		{D3D11105-96D0-4629-88B8-122C0256058C}.Debug|Win32.Build.0 = Debug|Win32
		{D3D11105-96D0-4629-88B8-122C0256058C}.Debug|x64.ActiveCfg = Debug|x64
		{D3D11105-96D0-4629-88B8-122C0256058C}.Debug|x64.Build.0 = Debug|x64
		{D3D11105-96D0-4629-88B8-122C0256058C}.Profile|Win32.ActiveCfg = Profile|Win32
		{D3D11105-96D0-4629-88B8-122C0256058C}.Profile|Win32.Build.0 = Profile|Win32
		{D3D11105-96D0-4629-88B8-122C0256058C}.Profile|x64.ActiveCfg = Profile|x64
		{D3D11105-96D0-4629-88B8-122C0256058C}.Profile|x64.Build.0 = Profile|x64
		{D3D11105-96D0-4629-88B8-122C0256058C}.Release Multithreaded|Win32.ActiveCfg = Release|Win32
		{D3D11105-96D0-4629-88B8-122C0256058C}.Release Multithreaded|Win32.Build.0 = Release|Win32
		{D3D11105-96D0-4629-88B8-122C0256058C}.Release Multithreaded|x64.ActiveCfg = Release|x64
		{D3D11105-96D0-4629-88B8-122C0256058C}.Release Multithreaded|x64.Build.0 = Release|x64
		{D3D11105-96D0-4629-88B8-122C0256058C}.Release Singlethreaded|Win32.ActiveCfg = Release|Win32
		{D3D11105-96D0-4629-88B8-122C0256058C}.Release Singlethreaded|Win32.Build.0 = Release|Win32
		{D3D11105-96D0-4629-88B8-122C0256058C}.Release Singlethreaded|x64.ActiveCfg = Release|x64
		{D3D11105-96D0-4629-88B8-122C0256058C}.Release Singlethreaded|x64.Build.0 = Release|x64
		{D3D11105-96D0-4629-88B8-122C0256058C}.Release|Win32.ActiveCfg = Release|Win32
		{D3D11105-96D0-4629-88B8-122C0256058C}.Release|Win32.Build.0 = Release|Win32
		{D3D11105-96D0-4629-88B8-122C0256058C}.Release|x64.ActiveCfg = Release|x64
		{D3D11105-96D0-4629-88B8-122C0256058C}.Release|x64.Build.0 = Release|x64
		{4E34E0CD-B6EB-4308-9068-87427B8A7784}.Debug Multithreaded|Win32.ActiveCfg = Debug|Win32
		{4E34E0CD-B6EB-4308-9068-87427B8A7784}.Debug Multithreaded|Win32.Build.0 = Debug|Win32
		{4E34E0CD-B6EB-4308-9068-87427B8A7784}.Debug Multithreaded|x64.ActiveCfg = Debug|x64
		{4E34E0CD-B6EB-4308-9068-87427B8A7784}.Debug Multithreaded|x64.Build.0 = Debug|x64
		{4E34E0CD-B6EB-4308-9068-87427B8A7784}.Debug Singlethreaded|Win32.ActiveCfg = Debug|Win32
		{4E34E0CD-B6EB-4308-9068-87427B8A7784}.Debug Singlethreaded|Win32.Build.0 = Debug|Win32
		{4E34E0CD-B6EB-4308-9068-87427B8A7784}.Debug Singlethreaded|x64.ActiveCfg = Debug|x64
		{4E34E0CD-B6EB-4308-9068-87427B8A7784}.Debug Singlethreaded|x64.Build.0 = Debug|x64
		{4E34E0CD-B6EB-4308-9068-87427B8A7784}.Debug|Win32.ActiveCfg = Debug|Win32
		{4E34E0CD-B6EB-4308-9068-87427B8A7784}.Debug|Win32.Build.0 = Debug|Win32
		{4E34E0CD-B6EB-4308-9068-87427B8A7784}.Debug|x64.ActiveCfg = Debug|x64
		{4E34E0CD-B6EB-4308-9068-87427B8A7784}.Debug|x64.Build.0 = Debug|x64
		{4E34E0CD-B6EB-4308-9068-87427B8A7784}.Profile|Win32.ActiveCfg = Profile|Win32
		{4E34E0CD-B6EB-4308-9068-87427B8A7784}.Profile|Win32.Build.0 = Profile|Win32
		{4E34E0CD-B6EB-4308-9068-87427B8A7784}.Profile|x64.ActiveCfg = Profile|x64
		{4E34E0CD-B6EB-4308-9068-87427B8A7784}.Profile|x64.Build.0 = Profile|x64
		{4E34E0CD-B6EB-4308-9068-87427B8A7784}.Release Multithreaded|Win32.ActiveCfg = Release|Win32
		{4E34E0CD-B6EB-4308-9068-87427B8A7784}.Release Multithreaded|Win32.Build.0 = Release|Win32
		{4E34E0CD-B6EB-4308-9068-87427B8A7784}.Release Multithreaded|x64.ActiveCfg = Release|x64
		{4E34E0CD-B6EB-4308-9068-87427B8A7784}.Release Multithreaded|x64.Build.0 = Release|x64
		{4E34E0CD-B6EB-4308-9068-87427B8A7784}.Release Singlethreaded|Win32.ActiveCfg = Release|Win32
		{4E34E0CD-B6EB-4308-9068-87427B8A7784}.Release Singlethreaded|Win32.Build.0 = Release|Win32
		{4E34E0CD-B6EB-4308-9068-87427B8A7784}.Release Singlethreaded|x64.ActiveCfg = Release|x64
		{4E34E0CD-B6EB-4308-9068-87427B8A7784}.Release Singlethreaded|x64.Build.0 = Release|x64
		{4E34E0CD-B6EB-4308-9068-87427B8A7784}.Release|Win32.ActiveCfg = Release|Win32
		{4E34E0CD-B6EB-4308-9068-87427B8A7784}.Release|Win32.Build.0 = Release|Win32
		{4E34E0CD-B6EB-4308-9068-87427B8A7784}.Release|x64.ActiveCfg = Release|x64
		{4E34E0CD-B6EB-4308-9068-87427B8A7784}.Release|x64.Build.0 = Release|x64
		{78B079BD-9FC7-4B9E-B4A6-96DA0F00248B}.Debug Multithreaded|Win32.ActiveCfg = Debug Multithreaded|Win32
		{78B079BD-9FC7-4B9E-B4A6-96DA0F00248B}.Debug Multithreaded|Win32.Build.0 = Debug Multithreaded|Win32
		{78B079BD-9FC7-4B9E-B4A6-96DA0F00248B}.Debug Multithreaded|x64.ActiveCfg = Debug Multithreaded|x64
		{78B079BD-9FC7-4B9E-B4A6-96DA0F00248B}.Debug Multithreaded|x64.Build.0 = Debug Multithreaded|x64
		{78B079BD-9FC7-4B9E-B4A6-96DA0F00248B}.Debug Singlethreaded|Win32.ActiveCfg = Debug Singlethreaded|Win32
		{78B079BD-9FC7-4B9E-B4A6-96DA0F00248B}.Debug Singlethreaded|Win32.Build.0 = Debug Singlethreaded|Win32
		{78B079BD-9FC7-4B9E-B4A6-96DA0F00248B}.Debug Singlethreaded|x64.ActiveCfg = Debug Singlethreaded|x64
		{78B079BD-9FC7-4B9E-B4A6-96DA0F00248B}.Debug Singlethreaded|x64.Build.0 = Debug Singlethreaded|x64
		{78B079BD-9FC7-4B9E-B4A6-96DA0F00248B}.Debug|Win32.ActiveCfg = Debug|Win32
		{78B079BD-9FC7-4B9E-B4A6-96DA0F00248B}.Debug|Win32.Build.0 = Debug|Win32
		{78B079BD-9FC7-4B9E-B4A6-96DA0F00248B}.Debug|x64.ActiveCfg = Debug|x64
		{78B079BD-9FC7-4B9E-B4A6-96DA0F00248B}.Debug|x64.Build.0 = Debug|x64
		{78B079BD-9FC7-4B9E-B4A6-96DA0F00248B}.Profile|Win32.ActiveCfg = Debug Multithreaded|Win32
		{78B079BD-9FC7-4B9E-B4A6-96DA0F00248B}.Profile|Win32.Build.0 = Debug Multithreaded|Win32
		{78B079BD-9FC7-4B9E-B4A6-96DA0F00248B}.Profile|x64.ActiveCfg = Debug Multithreaded|x64
		{78B079BD-9FC7-4B9E-B4A6-96DA0F00248B}.Profile|x64.Build.0 = Debug Multithreaded|x64
		{78B079BD-9FC7-4B9E-B4A6-96DA0F00248B}.Release Multithreaded|Win32.ActiveCfg = Release Multithreaded|Win32
		{78B079BD-9FC7-4B9E-B4A6-96DA0F00248B}.Release Multithreaded|Win32.Build.0 = Release Multithreaded|Win32
		{78B079BD-9FC7-4B9E-B4A6-96DA0F00248B}.Release Multithreaded|x64.ActiveCfg = Release Multithreaded|x64
		{78B079BD-9FC7-4B9E-B4A6-96DA0F00248B}.Release Multithreaded|x64.Build.0 = Release Multithreaded|x64
		{78B079BD-9FC7-4B9E-B4A6-96DA0F00248B}.Release Singlethreaded|Win32.ActiveCfg = Release Singlethreaded|Win32
		{78B079BD-9FC7-4B9E-B4A6-96DA0F00248B}.Release Singlethreaded|Win32.Build.0 = Release Singlethreaded|Win32
		{78B079BD-9FC7-4B9E-B4A6-96DA0F00248B}.Release Singlethreaded|x64.ActiveCfg = Release Singlethreaded|x64
		{78B079BD-9FC7-4B9E-B4A6-96DA0F00248B}.Release Singlethreaded|x64.Build.0 = Release Singlethreaded|x64
		{78B079BD-9FC7-4B9E-B4A6-96DA0F00248B}.Release|Win32.ActiveCfg = Release|Win32
		{78B079BD-9FC7-4B9E-B4A6-96DA0F00248B}.Release|Win32.Build.0 = Release|Win32
		{78B079BD-9FC7-4B9E-B4A6-96DA0F00248B}.Release|x64.ActiveCfg = Release|x64
		{78B079BD-9FC7-4B9E-B4A6-96DA0F00248B}.Release|x64.Build.0 = Release|x64
		{1DA6A263-26CD-4164-8249-B29DA430B9CF}.Debug Multithreaded|Win32.ActiveCfg = Debug|Win32
		{1DA6A263-26CD-4164-8249-B29DA430B9CF}.Debug Multithreaded|Win32.Build.0 = Debug|Win32
		{1DA6A263-26CD-4164-8249-B29DA430B9CF}.Debug Multithreaded|x64.ActiveCfg = Debug|Win32
		{1DA6A263-26CD-4164-8249-B29DA430B9CF}.Debug Singlethreaded|Win32.ActiveCfg = Debug|Win32
		{1DA6A263-26CD-4164-8249-B29DA430B9CF}.Debug Singlethreaded|Win32.Build.0 = Debug|Win32
		{1DA6A263-26CD-4164-8249-B29DA430B9CF}.Debug Singlethreaded|x64.ActiveCfg = Debug|Win32
		{1DA6A263-26CD-4164-8249-B29DA430B9CF}.Debug|Win32.ActiveCfg = Debug|Win32
		{1DA6A263-26CD-4164-8249-B29DA430B9CF}.Debug|Win32.Build.0 = Debug|Win32
		{1DA6A263-26CD-4164-8249-B29DA430B9CF}.Debug|x64.ActiveCfg = Debug|Win32
		{1DA6A263-26CD-4164-8249-B29DA430B9CF}.Profile|Win32.ActiveCfg = Release|Win32
		{1DA6A263-26CD-4164-8249-B29DA430B9CF}.Profile|Win32.Build.0 = Release|Win32
		{1DA6A263-26CD-4164-8249-B29DA430B9CF}.Profile|x64.ActiveCfg = Release|Win32
		{1DA6A263-26CD-4164-8249-B29DA430B9CF}.Release Multithreaded|Win32.ActiveCfg = Release|Win32
		{1DA6A263-26CD-4164-8249-B29DA430B9CF}.Release Multithreaded|Win32.Build.0 = Release|Win32
		{1DA6A263-26CD-4164-8249-B29DA430B9CF}.Release Multithreaded|x64.ActiveCfg = Release|Win32
		{1DA6A263-26CD-4164-8249-B29DA430B9CF}.Release Singlethreaded|Win32.ActiveCfg = Release|Win32
		{1DA6A263-26CD-4164-8249-B29DA430B9CF}.Release Singlethreaded|Win32.Build.0 = Release|Win32
		{1DA6A263-26CD-4164-8249-B29DA430B9CF}.Release Singlethreaded|x64.ActiveCfg = Release|Win32
		{1DA6A263-26CD-4164-8249-B29DA430B9CF}.Release|Win32.ActiveCfg = Release|Win32
		{1DA6A263-26CD-4164-8249-B29DA430B9CF}.Release|Win32.Build.0 = Release|Win32
		{1DA6A263-26CD-4164-8249-B29DA430B9CF}.Release|x64.ActiveCfg = Release|Win32
		{E188BCC7-58CE-40E9-85D1-60072E93921E}.Debug Multithreaded|Win32.ActiveCfg = Debug|Win32
		{E188BCC7-58CE-40E9-85D1-60072E93921E}.Debug Multithreaded|Win32.Build.0 = Debug|Win32
		{E188BCC7-58CE-40E9-85D1-60072E93921E}.Debug Multithreaded|x64.ActiveCfg = Debug|x64
		{E188BCC7-58CE-40E9-85D1-60072E93921E}.Debug Multithreaded|x64.Build.0 = Debug|x64
		{E188BCC7-58CE-40E9-85D1-60072E93921E}.Debug Singlethreaded|Win32.ActiveCfg = Debug|Win32
		{E188BCC7-58CE-40E9-85D1-60072E93921E}.Debug Singlethreaded|Win32.Build.0 = Debug|Win32
		{E188BCC7-58CE-40E9-85D1-60072E93921E}.Debug Singlethreaded|x64.ActiveCfg = Debug|x64
		{E188BCC7-58CE-40E9-85D1-60072E93921E}.Debug Singlethreaded|x64.Build.0 = Debug|x64
		{E188BCC7-58CE-40E9-85D1-60072E93921E}.Debug|Win32.ActiveCfg = Debug|Win32
		{E188BCC7-58CE-40E9-85D1-60072E93921E}.Debug|Win32.Build.0 = Debug|Win32
		{E188BCC7-58CE-40E9-85D1-60072E93921E}.Debug|x64.ActiveCfg = Debug|x64
		{E188BCC7-58CE-40E9-85D1-60072E93921E}.Debug|x64.Build.0 = Debug|x64
		{E188BCC7-58CE-40E9-85D1-60072E93921E}.Profile|Win32.ActiveCfg = Profile|Win32
		{E188BCC7-58CE-40E9-85D1-60072E93921E}.Profile|Win32.Build.0 = Profile|Win32
		{E188BCC7-58CE-40E9-85D1-60072E93921E}.Profile|x64.ActiveCfg = Profile|x64
		{E188BCC7-58CE-40E9-85D1-60072E93921E}.Profile|x64.Build.0 = Profile|x64
		{E188BCC7-58CE-40E9-85D1-60072E93921E}.Release Multithreaded|Win32.ActiveCfg = Release|Win32
		{E188BCC7-58CE-40E9-85D1-60072E93921E}.Release Multithreaded|Win32.Build.0 = Release|Win32
		{E188BCC7-58CE-40E9-85D1-60072E93921E}.Release Multithreaded|x64.ActiveCfg = Release|x64
		{E188BCC7-58CE-40E9-85D1-60072E93921E}.Release Multithreaded|x64.Build.0 = Release|x64
		{E188BCC7-58CE-40E9-85D1-60072E93921E}.Release Singlethreaded|Win32.ActiveCfg = Release|Win32
		{E188BCC7-58CE-40E9-85D1-60072E93921E}.Release Singlethreaded|Win32.Build.0 = Release|Win32
		{E188BCC7-58CE-40E9-85D1-60072E93921E}.Release Singlethreaded|x64.ActiveCfg = Release|x64
		{E188BCC7-58CE-40E9-85D1-60072E93921E}.Release Singlethreaded|x64.Build.0 = Release|x64
		{E188BCC7-58CE-40E9-85D1-60072E93921E}.Release|Win32.ActiveCfg = Release|Win32
		{E188BCC7-58CE-40E9-85D1-60072E93921E}.Release|Win32.Build.0 = Release|Win32
		{E188BCC7-58CE-40E9-85D1-60072E93921E}.Release|x64.ActiveCfg = Release|x64
		{E188BCC7-58CE-40E9-85D1-60072E93921E}.Release|x64.Build.0 = Release|x64
		{D52C4466-18F9-40D6-B9AF-34984DC429BA}.Debug Multithreaded|Win32.ActiveCfg = Debug|Win32
		{D52C4466-18F9-40D6-B9AF-34984DC429BA}.Debug Multithreaded|Win32.Build.0 = Debug|Win32
		{D52C4466-18F9-40D6-B9AF-34984DC429BA}.Debug Multithreaded|x64.ActiveCfg = Debug|Win32
		{D52C4466-18F9-40D6-B9AF-34984DC429BA}.Debug Singlethreaded|Win32.ActiveCfg = Debug|Win32
		{D52C4466-18F9-40D6-B9AF-34984DC429BA}.Debug Singlethreaded|Win32.Build.0 = Debug|Win32
		{D52C4466-18F9-40D6-B9AF-34984DC429BA}.Debug Singlethreaded|x64.ActiveCfg = Debug|Win32
		{D52C4466-18F9-40D6-B9AF-34984DC429BA}.Debug|Win32.ActiveCfg = Debug|Win32
		{D52C4466-18F9-40D6-B9AF-34984DC429BA}.Debug|Win32.Build.0 = Debug|Win32
		{D52C4466-18F9-40D6-B9AF-34984DC429BA}.Debug|x64.ActiveCfg = Debug|Win32
		{D52C4466-18F9-40D6-B9AF-34984DC429BA}.Profile|Win32.ActiveCfg = Release|Win32
		{D52C4466-18F9-40D6-B9AF-34984DC429BA}.Profile|Win32.Build.0 = Release|Win32
		{D52C4466-18F9-40D6-B9AF-34984DC429BA}.Profile|x64.ActiveCfg = Release|Win32
		{D52C4466-18F9-40D6-B9AF-34984DC429BA}.Release Multithreaded|Win32.ActiveCfg = Release|Win32
		{D52C4466-18F9-40D6-B9AF-34984DC429BA}.Release Multithreaded|Win32.Build.0 = Release|Win32
		{D52C4466-18F9-40D6-B9AF-34984DC429BA}.Release Multithreaded|x64.ActiveCfg = Release|Win32
		{D52C4466-18F9-40D6-B9AF-34984DC429BA}.Release Singlethreaded|Win32.ActiveCfg = Release|Win32
		{D52C4466-18F9-40D6-B9AF-34984DC429BA}.Release Singlethreaded|Win32.Build.0 = Release|Win32
		{D52C4466-18F9-40D6-B9AF-34984DC429BA}.Release Singlethreaded|x64.ActiveCfg = Release|Win32
		{D52C4466-18F9-40D6-B9AF-34984DC429BA}.Release|Win32.ActiveCfg = Release|Win32
		{D52C4466-18F9-40D6-B9AF-34984DC429BA}.Release|Win32.Build.0 = Release|Win32
		{D52C4466-18F9-40D6-B9AF-34984DC429BA}.Release|x64.ActiveCfg = Release|Win32
		{C715F13B-C030-419E-94FB-018B959F1E7B}.Debug Multithreaded|Win32.ActiveCfg = Debug|Win32
		{C715F13B-C030-419E-94FB-018B959F1E7B}.Debug Multithreaded|Win32.Build.0 = Debug|Win32
		{C715F13B-C030-419E-94FB-018B959F1E7B}.Debug Multithreaded|x64.ActiveCfg = Debug|x64
		{C715F13B-C030-419E-94FB-018B959F1E7B}.Debug Multithreaded|x64.Build.0 = Debug|x64
		{C715F13B-C030-419E-94FB-018B959F1E7B}.Debug Singlethreaded|Win32.ActiveCfg = Debug|Win32
		{C715F13B-C030-419E-94FB-018B959F1E7B}.Debug Singlethreaded|Win32.Build.0 = Debug|Win32
		{C715F13B-C030-419E-94FB-018B959F1E7B}.Debug Singlethreaded|x64.ActiveCfg = Debug|x64
		{C715F13B-C030-419E-94FB-018B959F1E7B}.Debug Singlethreaded|x64.Build.0 = Debug|x64
		{C715F13B-C030-419E-94FB-018B959F1E7B}.Debug|Win32.ActiveCfg = Debug|Win32
		{C715F13B-C030-419E-94FB-018B959F1E7B}.Debug|Win32.Build.0 = Debug|Win32
		{C715F13B-C030-419E-94FB-018B959F1E7B}.Debug|x64.ActiveCfg = Debug|x64
		{C715F13B-C030-419E-94FB-018B959F1E7B}.Debug|x64.Build.0 = Debug|x64
		{C715F13B-C030-419E-94FB-018B959F1E7B}.Profile|Win32.ActiveCfg = Profile|Win32
		{C715F13B-C030-419E-94FB-018B959F1E7B}.Profile|Win32.Build.0 = Profile|Win32
		{C715F13B-C030-419E-94FB-018B959F1E7B}.Profile|x64.ActiveCfg = Profile|x64
		{C715F13B-C030-419E-94FB-018B959F1E7B}.Profile|x64.Build.0 = Profile|x64
		{C715F13B-C030-419E-94FB-018B959F1E7B}.Release Multithreaded|Win32.ActiveCfg = Release|Win32
		{C715F13B-C030-419E-94FB-018B959F1E7B}.Release Multithreaded|Win32.Build.0 = Release|Win32
		{C715F13B-C030-419E-94FB-018B959F1E7B}.Release Multithreaded|x64.ActiveCfg = Release|x64
		{C715F13B-C030-419E-94FB-018B959F1E7B}.Release Multithreaded|x64.Build.0 = Release|x64
		{C715F13B-C030-419E-94FB-018B959F1E7B}.Release Singlethreaded|Win32.ActiveCfg = Release|Win32
		{C715F13B-C030-419E-94FB-018B959F1E7B}.Release Singlethreaded|Win32.Build.0 = Release|Win32
		{C715F13B-C030-419E-94FB-018B959F1E7B}.Release Singlethreaded|x64.ActiveCfg = Release|x64
		{C715F13B-C030-419E-94FB-018B959F1E7B}.Release Singlethreaded|x64.Build.0 = Release|x64
		{C715F13B-C030-419E-94FB-018B959F1E7B}.Release|Win32.ActiveCfg = Release|Win32
		{C715F13B-C030-419E-94FB-018B959F1E7B}.Release|Win32.Build.0 = Release|Win32
		{C715F13B-C030-419E-94FB-018B959F1E7B}.Release|x64.ActiveCfg = Release|x64
		{C715F13B-C030-419E-94FB-018B959F1E7B}.Release|x64.Build.0 = Release|x64
		{48BA3332-5DE2-40A2-B5A6-CC47D177C9CF}.Debug Multithreaded|Win32.ActiveCfg = Debug|Win32
		{48BA3332-5DE2-40A2-B5A6-CC47D177C9CF}.Debug Multithreaded|Win32.Build.0 = Debug|Win32
		{48BA3332-5DE2-40A2-B5A6-CC47D177C9CF}.Debug Multithreaded|x64.ActiveCfg = Debug|x64
		{48BA3332-5DE2-40A2-B5A6-CC47D177C9CF}.Debug Multithreaded|x64.Build.0 = Debug|x64
		{48BA3332-5DE2-40A2-B5A6-CC47D177C9CF}.Debug Singlethreaded|Win32.ActiveCfg = Debug|Win32
		{48BA3332-5DE2-40A2-B5A6-CC47D177C9CF}.Debug Singlethreaded|Win32.Build.0 = Debug|Win32
		{48BA3332-5DE2-40A2-B5A6-CC47D177C9CF}.Debug Singlethreaded|x64.ActiveCfg = Debug|x64
		{48BA3332-5DE2-40A2-B5A6-CC47D177C9CF}.Debug Singlethreaded|x64.Build.0 = Debug|x64
		{48BA3332-5DE2-40A2-B5A6-CC47D177C9CF}.Debug|Win32.ActiveCfg = Debug|Win32
		{48BA3332-5DE2-40A2-B5A6-CC47D177C9CF}.Debug|Win32.Build.0 = Debug|Win32
		{48BA3332-5DE2-40A2-B5A6-CC47D177C9CF}.Debug|x64.ActiveCfg = Debug|x64
		{48BA3332-5DE2-40A2-B5A6-CC47D177C9CF}.Debug|x64.Build.0 = Debug|x64
		{48BA3332-5DE2-40A2-B5A6-CC47D177C9CF}.Profile|Win32.ActiveCfg = Release|Win32
		{48BA3332-5DE2-40A2-B5A6-CC47D177C9CF}.Profile|Win32.Build.0 = Release|Win32
		{48BA3332-5DE2-40A2-B5A6-CC47D177C9CF}.Profile|x64.ActiveCfg = Release|x64
		{48BA3332-5DE2-40A2-B5A6-CC47D177C9CF}.Profile|x64.Build.0 = Release|x64
		{48BA3332-5DE2-40A2-B5A6-CC47D177C9CF}.Release Multithreaded|Win32.ActiveCfg = Release|Win32
		{48BA3332-5DE2-40A2-B5A6-CC47D177C9CF}.Release Multithreaded|Win32.Build.0 = Release|Win32
		{48BA3332-5DE2-40A2-B5A6-CC47D177C9CF}.Release Multithreaded|x64.ActiveCfg = Release|x64
		{48BA3332-5DE2-40A2-B5A6-CC47D177C9CF}.Release Multithreaded|x64.Build.0 = Release|x64
		{48BA3332-5DE2-40A2-B5A6-CC47D177C9CF}.Release Singlethreaded|Win32.ActiveCfg = Release|Win32
		{48BA3332-5DE2-40A2-B5A6-CC47D177C9CF}.Release Singlethreaded|Win32.Build.0 = Release|Win32
		{48BA3332-5DE2-40A2-B5A6-CC47D177C9CF}.Release Singlethreaded|x64.ActiveCfg = Release|x64
		{48BA3332-5DE2-40A2-B5A6-CC47D177C9CF}.Release Singlethreaded|x64.Build.0 = Release|x64
		{48BA3332-5DE2-40A2-B5A6-CC47D177C9CF}.Release|Win32.ActiveCfg = Release|Win32
		{48BA3332-5DE2-40A2-B5A6-CC47D177C9CF}.Release|Win32.Build.0 = Release|Win32
		{48BA3332-5DE2-40A2-B5A6-CC47D177C9CF}.Release|x64.ActiveCfg = Release|x64
		{48BA3332-5DE2-40A2-B5A6-CC47D177C9CF}.Release|x64.Build.0 = Release|x64
	EndGlobalSection
	GlobalSection(SolutionProperties) = preSolution
		HideSolutionNode = FALSE
	EndGlobalSection
EndGlobal
