<?xml version="1.0" encoding="utf-8"?>
<Project ToolsVersion="4.0" xmlns="http://schemas.microsoft.com/developer/msbuild/2003">
  <ItemGroup>
    <Filter Include="UI">
      <UniqueIdentifier>{1b54f891-f462-4596-93da-1baa3a3d4411}</UniqueIdentifier>
    </Filter>
  </ItemGroup>
  <ItemGroup>
    <ClInclude Include="UI\UIElement.h">
      <Filter>UI</Filter>
    </ClInclude>
    <ClInclude Include="UI\UIManager.h">
      <Filter>UI</Filter>
    </ClInclude>
    <ClInclude Include="Editor.h" />
    <ClInclude Include="EditorRenderer.h" />
    <ClInclude Include="stdafx.h" />
    <ClInclude Include="UI\UILabel.h">
      <Filter>UI</Filter>
    </ClInclude>
    <ClInclude Include="UI\UIFactory.h">
      <Filter>UI</Filter>
    </ClInclude>
    <ClInclude Include="UI\UIDefaultDrawable.h">
      <Filter>UI</Filter>
    </ClInclude>
    <ClInclude Include="UI\UIButton.h">
      <Filter>UI</Filter>
    </ClInclude>
    <ClInclude Include="UI\UITextBox.h">
      <Filter>UI</Filter>
    </ClInclude>
  </ItemGroup>
  <ItemGroup>
    <ClCompile Include="UI\UIElement.cpp">
      <Filter>UI</Filter>
    </ClCompile>
    <ClCompile Include="UI\UIManager.cpp">
      <Filter>UI</Filter>
    </ClCompile>
    <ClCompile Include="Editor.cpp" />
    <ClCompile Include="EditorRenderer.cpp" />
    <ClCompile Include="stdafx.cpp" />
    <ClCompile Include="UI\UILabel.cpp">
      <Filter>UI</Filter>
    </ClCompile>
    <ClCompile Include="UI\UIFactory.cpp">
      <Filter>UI</Filter>
    </ClCompile>
    <ClCompile Include="UI\UIDefaultDrawable.cpp">
      <Filter>UI</Filter>
    </ClCompile>
    <ClCompile Include="UI\UIButton.cpp">
      <Filter>UI</Filter>
    </ClCompile>
    <ClCompile Include="UI\UITextBox.cpp">
      <Filter>UI</Filter>
    </ClCompile>
  </ItemGroup>
  <ItemGroup>
    <ResourceCompile Include="Editor.rc" />
  </ItemGroup>
</Project>