<?xml version="1.0" encoding="utf-8"?>
<Project ToolsVersion="4.0" xmlns="http://schemas.microsoft.com/developer/msbuild/2003">
  <ItemGroup>
    <Filter Include="Editors">
      <UniqueIdentifier>{f00675e5-5fb0-4d60-a28d-78156063cf0b}</UniqueIdentifier>
    </Filter>
  </ItemGroup>
  <ItemGroup>
    <ClInclude Include="Editor.h" />
    <ClInclude Include="stdafx.h" />
    <ClInclude Include="Editors\MaterialEditor.h">
      <Filter>Editors</Filter>
    </ClInclude>
    <ClInclude Include="Editors\UIComponentUtil.h">
      <Filter>Editors</Filter>
    </ClInclude>
    <ClInclude Include="Editors\FileView.h">
      <Filter>Editors</Filter>
    </ClInclude>
    <ClInclude Include="Editors\FileExplorer.h">
      <Filter>Editors</Filter>
    </ClInclude>
    <ClInclude Include="Editors\PrefabEditor.h">
      <Filter>Editors</Filter>
    </ClInclude>
    <ClInclude Include="Editors\ResourceEditor.h">
      <Filter>Editors</Filter>
    </ClInclude>
    <ClInclude Include="Editors\ObjectDataEdit.h">
      <Filter>Editors</Filter>
    </ClInclude>
    <ClInclude Include="Editors\ParticleEditor.h">
      <Filter>Editors</Filter>
    </ClInclude>
  </ItemGroup>
  <ItemGroup>
    <ClCompile Include="Editor.cpp" />
    <ClCompile Include="stdafx.cpp" />
    <ClCompile Include="Editors\MaterialEditor.cpp">
      <Filter>Editors</Filter>
    </ClCompile>
    <ClCompile Include="Editors\UIComponentUtil.cpp">
      <Filter>Editors</Filter>
    </ClCompile>
    <ClCompile Include="Editors\FileView.cpp">
      <Filter>Editors</Filter>
    </ClCompile>
    <ClCompile Include="Editors\FileExplorer.cpp">
      <Filter>Editors</Filter>
    </ClCompile>
    <ClCompile Include="Editors\PrefabEditor.cpp">
      <Filter>Editors</Filter>
    </ClCompile>
    <ClCompile Include="Editors\ObjectDataEdit.cpp">
      <Filter>Editors</Filter>
    </ClCompile>
    <ClCompile Include="Editors\ParticleEditor.cpp">
      <Filter>Editors</Filter>
    </ClCompile>
  </ItemGroup>
</Project>