<?xml version="1.0" encoding="utf-8"?>
<Project ToolsVersion="4.0" xmlns="http://schemas.microsoft.com/developer/msbuild/2003">
  <ItemGroup>
    <Filter Include="Source Files">
      <UniqueIdentifier>{4FC737F1-C7A5-4376-A066-2A32D752A2FF}</UniqueIdentifier>
      <Extensions>cpp;c;cc;cxx;def;odl;idl;hpj;bat;asm;asmx</Extensions>
    </Filter>
    <Filter Include="Header Files">
      <UniqueIdentifier>{93995380-89BD-4b04-88EB-625FBE52EBFB}</UniqueIdentifier>
      <Extensions>h;hh;hpp;hxx;hm;inl;inc;xsd</Extensions>
    </Filter>
    <Filter Include="Resource Files">
      <UniqueIdentifier>{67DA6AB6-F800-4c08-8B7A-83BB121AAD01}</UniqueIdentifier>
      <Extensions>rc;ico;cur;bmp;dlg;rc2;rct;bin;rgs;gif;jpg;jpeg;jpe;resx;tiff;tif;png;wav;mfcribbon-ms</Extensions>
    </Filter>
  </ItemGroup>
  <ItemGroup>
    <ClCompile Include="Common.cpp">
      <Filter>Source Files</Filter>
    </ClCompile>
    <ClCompile Include="Camera2D.cpp">
      <Filter>Source Files</Filter>
    </ClCompile>
    <ClCompile Include="FileUtil.cpp">
      <Filter>Source Files</Filter>
    </ClCompile>
    <ClCompile Include="MathUtil.cpp">
      <Filter>Source Files</Filter>
    </ClCompile>
    <ClCompile Include="Profile.cpp">
      <Filter>Source Files</Filter>
    </ClCompile>
    <ClCompile Include="Resource.cpp">
      <Filter>Source Files</Filter>
    </ClCompile>
    <ClCompile Include="ResourceManager.cpp">
      <Filter>Source Files</Filter>
    </ClCompile>
    <ClCompile Include="Trigger.cpp">
      <Filter>Source Files</Filter>
    </ClCompile>
    <ClCompile Include="Utf8Util.cpp">
      <Filter>Source Files</Filter>
    </ClCompile>
    <ClCompile Include="xml.cpp">
      <Filter>Source Files</Filter>
    </ClCompile>
    <ClCompile Include="Curve.cpp">
      <Filter>Source Files</Filter>
    </ClCompile>
    <ClCompile Include="FixedSizeAllocator.cpp">
      <Filter>Source Files</Filter>
    </ClCompile>
    <ClCompile Include="BitArray.cpp">
      <Filter>Header Files</Filter>
    </ClCompile>
  </ItemGroup>
  <ItemGroup>
    <ClInclude Include="BoundBox.h">
      <Filter>Header Files</Filter>
    </ClInclude>
    <ClInclude Include="Camera2D.h">
      <Filter>Header Files</Filter>
    </ClInclude>
    <ClInclude Include="Common.h">
      <Filter>Header Files</Filter>
    </ClInclude>
    <ClInclude Include="Euler.h">
      <Filter>Header Files</Filter>
    </ClInclude>
    <ClInclude Include="FileUtil.h">
      <Filter>Header Files</Filter>
    </ClInclude>
    <ClInclude Include="Frustum.h">
      <Filter>Header Files</Filter>
    </ClInclude>
    <ClInclude Include="Math3D.h">
      <Filter>Header Files</Filter>
    </ClInclude>
    <ClInclude Include="MathUtil.h">
      <Filter>Header Files</Filter>
    </ClInclude>
    <ClInclude Include="Matrix.h">
      <Filter>Header Files</Filter>
    </ClInclude>
    <ClInclude Include="Matrix2D.h">
      <Filter>Header Files</Filter>
    </ClInclude>
    <ClInclude Include="Profile.h">
      <Filter>Header Files</Filter>
    </ClInclude>
    <ClInclude Include="Quaternion.h">
      <Filter>Header Files</Filter>
    </ClInclude>
    <ClInclude Include="Rectangle.h">
      <Filter>Header Files</Filter>
    </ClInclude>
    <ClInclude Include="Resource.h">
      <Filter>Header Files</Filter>
    </ClInclude>
    <ClInclude Include="ResourceManager.h">
      <Filter>Header Files</Filter>
    </ClInclude>
    <ClInclude Include="SortedList.h">
      <Filter>Header Files</Filter>
    </ClInclude>
    <ClInclude Include="Trigger.h">
      <Filter>Header Files</Filter>
    </ClInclude>
    <ClInclude Include="Vector2.h">
      <Filter>Header Files</Filter>
    </ClInclude>
    <ClInclude Include="Vector3.h">
      <Filter>Header Files</Filter>
    </ClInclude>
    <ClInclude Include="Vector4.h">
      <Filter>Header Files</Filter>
    </ClInclude>
    <ClInclude Include="LinkList.h">
      <Filter>Header Files</Filter>
    </ClInclude>
    <ClInclude Include="Reference.h">
      <Filter>Header Files</Filter>
    </ClInclude>
    <ClInclude Include="Utf8Util.h">
      <Filter>Header Files</Filter>
    </ClInclude>
    <ClInclude Include="xml.h">
      <Filter>Header Files</Filter>
    </ClInclude>
    <ClInclude Include="Game.h">
      <Filter>Header Files</Filter>
    </ClInclude>
    <ClInclude Include="FixedSizeAllocator.h">
      <Filter>Header Files</Filter>
    </ClInclude>
    <ClInclude Include="Transform2D.h">
      <Filter>Header Files</Filter>
    </ClInclude>
    <ClInclude Include="Curve.h">
      <Filter>Header Files</Filter>
    </ClInclude>
    <ClInclude Include="Rand.h">
      <Filter>Header Files</Filter>
    </ClInclude>
    <ClInclude Include="BitArray.h">
      <Filter>Header Files</Filter>
    </ClInclude>
  </ItemGroup>
  <ItemGroup>
    <None Include="BoundBox.inl">
      <Filter>Source Files</Filter>
    </None>
    <None Include="Euler.inl">
      <Filter>Source Files</Filter>
    </None>
    <None Include="Frustum.inl">
      <Filter>Source Files</Filter>
    </None>
    <None Include="Matrix.inl">
      <Filter>Source Files</Filter>
    </None>
    <None Include="Matrix2D.inl">
      <Filter>Source Files</Filter>
    </None>
    <None Include="Quaternion.inl">
      <Filter>Source Files</Filter>
    </None>
    <None Include="Rectangle.inl">
      <Filter>Source Files</Filter>
    </None>
    <None Include="Vector2.inl">
      <Filter>Source Files</Filter>
    </None>
    <None Include="Vector3.inl">
      <Filter>Source Files</Filter>
    </None>
    <None Include="Vector4.inl">
      <Filter>Source Files</Filter>
    </None>
  </ItemGroup>
</Project>