<?xml version="1.0" encoding="utf-8"?>
<Project ToolsVersion="4.0" xmlns="http://schemas.microsoft.com/developer/msbuild/2003">
  <ItemGroup>
    <ClCompile Include="Main.cpp" />
    <ClCompile Include="Editor\HitProxyEdit.cpp">
      <Filter>Editor</Filter>
    </ClCompile>
    <ClCompile Include="Editor\LevelEdit.cpp">
      <Filter>Editor</Filter>
    </ClCompile>
    <ClCompile Include="Editor\WorldCfgEditor.cpp">
      <Filter>Editor</Filter>
    </ClCompile>
    <ClCompile Include="Editor\LevelTools.cpp">
      <Filter>Editor</Filter>
    </ClCompile>
  </ItemGroup>
  <ItemGroup>
    <ClInclude Include="winresource.h" />
    <ClInclude Include="Editor\HitProxyEdit.h">
      <Filter>Editor</Filter>
    </ClInclude>
    <ClInclude Include="Editor\LevelEdit.h">
      <Filter>Editor</Filter>
    </ClInclude>
    <ClInclude Include="Editor\WorldCfgEditor.h">
      <Filter>Editor</Filter>
    </ClInclude>
    <ClInclude Include="Editor\LevelTools.h">
      <Filter>Editor</Filter>
    </ClInclude>
  </ItemGroup>
  <ItemGroup>
    <ResourceCompile Include="Run_Editor.rc" />
  </ItemGroup>
  <ItemGroup>
    <Image Include="directx.ico" />
  </ItemGroup>
  <ItemGroup>
    <Filter Include="Editor">
      <UniqueIdentifier>{8f842b30-48d3-41a3-ac99-c272b33bdbd9}</UniqueIdentifier>
    </Filter>
  </ItemGroup>
</Project>